
Microsoft Visual Studio Solution File, Format Version 12.00
# Visual Studio 15
VisualStudioVersion = 15.0.27004.2005
MinimumVisualStudioVersion = 10.0.40219.1
Project("{9A19103F-16F7-4668-BE54-9A1E7A4F7556}") = "MDKModules", "MDKModules.csproj", "{42A8540D-B2F7-4999-B6D0-DE46A4FE960E}"
EndProject
Global
	GlobalSection(SolutionConfigurationPlatforms) = preSolution
		Debug|Any CPU = Debug|Any CPU
		Release|Any CPU = Release|Any CPU
	EndGlobalSection
	GlobalSection(ProjectConfigurationPlatforms) = postSolution
		{42A8540D-B2F7-4999-B6D0-DE46A4FE960E}.Debug|Any CPU.ActiveCfg = Debug|Any CPU
		{42A8540D-B2F7-4999-B6D0-DE46A4FE960E}.Debug|Any CPU.Build.0 = Debug|Any CPU
		{42A8540D-B2F7-4999-B6D0-DE46A4FE960E}.Release|Any CPU.ActiveCfg = Release|Any CPU
		{42A8540D-B2F7-4999-B6D0-DE46A4FE960E}.Release|Any CPU.Build.0 = Release|Any CPU
	EndGlobalSection
	GlobalSection(SolutionProperties) = preSolution
		HideSolutionNode = FALSE
	EndGlobalSection
	GlobalSection(ExtensibilityGlobals) = postSolution
		SolutionGuid = {0B0A2998-8267-47AE-A8AA-D26E57DD6126}
	EndGlobalSection
EndGlobal
